
Microsoft Visual Studio Solution File, Format Version 12.00
# Visual Studio 2012
Project("{FAE04EC0-301F-11D3-BF4B-00C04F79EFBC}") = "SalesLoftAutomation", "SalesLoftAutomation\SalesLoftAutomation.csproj", "{4DEFB3CE-C5AA-4E57-9AC9-349B2C52101F}"
EndProject
Project("{FAE04EC0-301F-11D3-BF4B-00C04F79EFBC}") = "SalesLoftTest", "SalesLoftTest\SalesLoftTest.csproj", "{A1D38FAB-F632-45AD-9BDB-8EEA98956C97}"
EndProject
Global
	GlobalSection(SolutionConfigurationPlatforms) = preSolution
		Debug|Any CPU = Debug|Any CPU
		Release|Any CPU = Release|Any CPU
	EndGlobalSection
	GlobalSection(ProjectConfigurationPlatforms) = postSolution
		{4DEFB3CE-C5AA-4E57-9AC9-349B2C52101F}.Debug|Any CPU.ActiveCfg = Debug|Any CPU
		{4DEFB3CE-C5AA-4E57-9AC9-349B2C52101F}.Debug|Any CPU.Build.0 = Debug|Any CPU
		{4DEFB3CE-C5AA-4E57-9AC9-349B2C52101F}.Release|Any CPU.ActiveCfg = Release|Any CPU
		{4DEFB3CE-C5AA-4E57-9AC9-349B2C52101F}.Release|Any CPU.Build.0 = Release|Any CPU
		{A1D38FAB-F632-45AD-9BDB-8EEA98956C97}.Debug|Any CPU.ActiveCfg = Debug|Any CPU
		{A1D38FAB-F632-45AD-9BDB-8EEA98956C97}.Debug|Any CPU.Build.0 = Debug|Any CPU
		{A1D38FAB-F632-45AD-9BDB-8EEA98956C97}.Release|Any CPU.ActiveCfg = Release|Any CPU
		{A1D38FAB-F632-45AD-9BDB-8EEA98956C97}.Release|Any CPU.Build.0 = Release|Any CPU
	EndGlobalSection
	GlobalSection(SolutionProperties) = preSolution
		HideSolutionNode = FALSE
	EndGlobalSection
EndGlobal
